
Microsoft Visual Studio Solution File, Format Version 12.00
# Visual Studio Version 16
VisualStudioVersion = 16.0.31229.75
MinimumVisualStudioVersion = 10.0.40219.1
Project("{FAE04EC0-301F-11D3-BF4B-00C04F79EFBC}") = "EduCavoFinal", "EduCavoFinal\EduCavoFinal.csproj", "{54B9FE33-1F04-4052-ADE2-81E3D14346AF}"
EndProject
Global
	GlobalSection(SolutionConfigurationPlatforms) = preSolution
		Debug|Any CPU = Debug|Any CPU
		Release|Any CPU = Release|Any CPU
	EndGlobalSection
	GlobalSection(ProjectConfigurationPlatforms) = postSolution
		{54B9FE33-1F04-4052-ADE2-81E3D14346AF}.Debug|Any CPU.ActiveCfg = Debug|Any CPU
		{54B9FE33-1F04-4052-ADE2-81E3D14346AF}.Debug|Any CPU.Build.0 = Debug|Any CPU
		{54B9FE33-1F04-4052-ADE2-81E3D14346AF}.Release|Any CPU.ActiveCfg = Release|Any CPU
		{54B9FE33-1F04-4052-ADE2-81E3D14346AF}.Release|Any CPU.Build.0 = Release|Any CPU
	EndGlobalSection
	GlobalSection(SolutionProperties) = preSolution
		HideSolutionNode = FALSE
	EndGlobalSection
	GlobalSection(ExtensibilityGlobals) = postSolution
		SolutionGuid = {DF55D215-36A7-45F1-A90C-8C7405EC0044}
	EndGlobalSection
EndGlobal
